
Microsoft Visual Studio Solution File, Format Version 12.00
# Visual Studio Version 17
VisualStudioVersion = 17.4.33213.308
MinimumVisualStudioVersion = 10.0.40219.1
Project("{FAE04EC0-301F-11D3-BF4B-00C04F79EFBC}") = "ConsoleApp5.3.5-6", "ConsoleApp5.3.5-6\ConsoleApp5.3.5-6.csproj", "{CBD70A1C-BDBD-4B15-8159-C51EB6590EBE}"
EndProject
Global
	GlobalSection(SolutionConfigurationPlatforms) = preSolution
		Debug|Any CPU = Debug|Any CPU
		Release|Any CPU = Release|Any CPU
	EndGlobalSection
	GlobalSection(ProjectConfigurationPlatforms) = postSolution
		{CBD70A1C-BDBD-4B15-8159-C51EB6590EBE}.Debug|Any CPU.ActiveCfg = Debug|Any CPU
		{CBD70A1C-BDBD-4B15-8159-C51EB6590EBE}.Debug|Any CPU.Build.0 = Debug|Any CPU
		{CBD70A1C-BDBD-4B15-8159-C51EB6590EBE}.Release|Any CPU.ActiveCfg = Release|Any CPU
		{CBD70A1C-BDBD-4B15-8159-C51EB6590EBE}.Release|Any CPU.Build.0 = Release|Any CPU
	EndGlobalSection
	GlobalSection(SolutionProperties) = preSolution
		HideSolutionNode = FALSE
	EndGlobalSection
	GlobalSection(ExtensibilityGlobals) = postSolution
		SolutionGuid = {E3FFF8AD-6BF6-4887-9374-FC86FCA162FB}
	EndGlobalSection
EndGlobal
